// !$*UTF8*$!
{
	archiveVersion = 1;
	classes = {
	};
	objectVersion = 50;
	objects = {

/* Begin PBXBuildFile section */
		9102B29D73E70CFC3BDD948D /* Pods_twitterLBTA.framework in Frameworks */ = {isa = PBXBuildFile; fileRef = 2390369907E435ABFA8FD843 /* Pods_twitterLBTA.framework */; };
		AD887ABE22DD21EC0045B9A7 /* AppDelegate.swift in Sources */ = {isa = PBXBuildFile; fileRef = AD887ABD22DD21EC0045B9A7 /* AppDelegate.swift */; };
		AD887AC522DD21ED0045B9A7 /* Assets.xcassets in Resources */ = {isa = PBXBuildFile; fileRef = AD887AC422DD21ED0045B9A7 /* Assets.xcassets */; };
		AD887AC822DD21ED0045B9A7 /* LaunchScreen.storyboard in Resources */ = {isa = PBXBuildFile; fileRef = AD887AC622DD21ED0045B9A7 /* LaunchScreen.storyboard */; };
		AD887AD022DD23140045B9A7 /* homeController.swift in Sources */ = {isa = PBXBuildFile; fileRef = AD887ACF22DD23140045B9A7 /* homeController.swift */; };
		AD887AD222DD2ED70045B9A7 /* HomeDatasourceController.swift in Sources */ = {isa = PBXBuildFile; fileRef = AD887AD122DD2ED70045B9A7 /* HomeDatasourceController.swift */; };
/* End PBXBuildFile section */

/* Begin PBXFileReference section */
		2390369907E435ABFA8FD843 /* Pods_twitterLBTA.framework */ = {isa = PBXFileReference; explicitFileType = wrapper.framework; includeInIndex = 0; path = Pods_twitterLBTA.framework; sourceTree = BUILT_PRODUCTS_DIR; };
		53BC1CD398F88EB22A007A27 /* Pods-twitterLBTA.release.xcconfig */ = {isa = PBXFileReference; includeInIndex = 1; lastKnownFileType = text.xcconfig; name = "Pods-twitterLBTA.release.xcconfig"; path = "Target Support Files/Pods-twitterLBTA/Pods-twitterLBTA.release.xcconfig"; sourceTree = "<group>"; };
		AD887ABA22DD21EC0045B9A7 /* twitterLBTA.app */ = {isa = PBXFileReference; explicitFileType = wrapper.application; includeInIndex = 0; path = twitterLBTA.app; sourceTree = BUILT_PRODUCTS_DIR; };
		AD887ABD22DD21EC0045B9A7 /* AppDelegate.swift */ = {isa = PBXFileReference; lastKnownFileType = sourcecode.swift; path = AppDelegate.swift; sourceTree = "<group>"; };
		AD887AC422DD21ED0045B9A7 /* Assets.xcassets */ = {isa = PBXFileReference; lastKnownFileType = folder.assetcatalog; path = Assets.xcassets; sourceTree = "<group>"; };
		AD887AC722DD21ED0045B9A7 /* Base */ = {isa = PBXFileReference; lastKnownFileType = file.storyboard; name = Base; path = Base.lproj/LaunchScreen.storyboard; sourceTree = "<group>"; };
		AD887AC922DD21ED0045B9A7 /* Info.plist */ = {isa = PBXFileReference; lastKnownFileType = text.plist.xml; path = Info.plist; sourceTree = "<group>"; };
		AD887ACF22DD23140045B9A7 /* homeController.swift */ = {isa = PBXFileReference; lastKnownFileType = sourcecode.swift; path = homeController.swift; sourceTree = "<group>"; };
		AD887AD122DD2ED70045B9A7 /* HomeDatasourceController.swift */ = {isa = PBXFileReference; lastKnownFileType = sourcecode.swift; path = HomeDatasourceController.swift; sourceTree = "<group>"; };
		B7DF82550DEE0B7086F695D7 /* Pods-twitterLBTA.debug.xcconfig */ = {isa = PBXFileReference; includeInIndex = 1; lastKnownFileType = text.xcconfig; name = "Pods-twitterLBTA.debug.xcconfig"; path = "Target Support Files/Pods-twitterLBTA/Pods-twitterLBTA.debug.xcconfig"; sourceTree = "<group>"; };
/* End PBXFileReference section */

/* Begin PBXFrameworksBuildPhase section */
		AD887AB722DD21EC0045B9A7 /* Frameworks */ = {
			isa = PBXFrameworksBuildPhase;
			buildActionMask = 2147483647;
			files = (
				9102B29D73E70CFC3BDD948D /* Pods_twitterLBTA.framework in Frameworks */,
			);
			runOnlyForDeploymentPostprocessing = 0;
		};
/* End PBXFrameworksBuildPhase section */

/* Begin PBXGroup section */
		5CB67214BC7918502D4AB400 /* Frameworks */ = {
			isa = PBXGroup;
			children = (
				2390369907E435ABFA8FD843 /* Pods_twitterLBTA.framework */,
			);
			name = Frameworks;
			sourceTree = "<group>";
		};
		9A33D6DE41B6A50E9CC156E1 /* Pods */ = {
			isa = PBXGroup;
			children = (
				B7DF82550DEE0B7086F695D7 /* Pods-twitterLBTA.debug.xcconfig */,
				53BC1CD398F88EB22A007A27 /* Pods-twitterLBTA.release.xcconfig */,
			);
			path = Pods;
			sourceTree = "<group>";
		};
		AD887AB122DD21EC0045B9A7 = {
			isa = PBXGroup;
			children = (
				AD887ABC22DD21EC0045B9A7 /* twitterLBTA */,
				AD887ABB22DD21EC0045B9A7 /* Products */,
				9A33D6DE41B6A50E9CC156E1 /* Pods */,
				5CB67214BC7918502D4AB400 /* Frameworks */,
			);
			sourceTree = "<group>";
		};
		AD887ABB22DD21EC0045B9A7 /* Products */ = {
			isa = PBXGroup;
			children = (
				AD887ABA22DD21EC0045B9A7 /* twitterLBTA.app */,
			);
			name = Products;
			sourceTree = "<group>";
		};
		AD887ABC22DD21EC0045B9A7 /* twitterLBTA */ = {
			isa = PBXGroup;
			children = (
				AD887ABD22DD21EC0045B9A7 /* AppDelegate.swift */,
				AD887ACF22DD23140045B9A7 /* homeController.swift */,
				AD887AC422DD21ED0045B9A7 /* Assets.xcassets */,
				AD887AC622DD21ED0045B9A7 /* LaunchScreen.storyboard */,
				AD887AC922DD21ED0045B9A7 /* Info.plist */,
				AD887AD122DD2ED70045B9A7 /* HomeDatasourceController.swift */,
			);
			path = twitterLBTA;
			sourceTree = "<group>";
		};
/* End PBXGroup section */

/* Begin PBXNativeTarget section */
		AD887AB922DD21EC0045B9A7 /* twitterLBTA */ = {
			isa = PBXNativeTarget;
			buildConfigurationList = AD887ACC22DD21ED0045B9A7 /* Build configuration list for PBXNativeTarget "twitterLBTA" */;
			buildPhases = (
				1ACE02E89AC4690EEC92DCF4 /* [CP] Check Pods Manifest.lock */,
				AD887AB622DD21EC0045B9A7 /* Sources */,
				AD887AB722DD21EC0045B9A7 /* Frameworks */,
				AD887AB822DD21EC0045B9A7 /* Resources */,
				F59078C01A7C88F4A0B8D53F /* [CP] Embed Pods Frameworks */,
			);
			buildRules = (
			);
			dependencies = (
			);
			name = twitterLBTA;
			productName = twitterLBTA;
			productReference = AD887ABA22DD21EC0045B9A7 /* twitterLBTA.app */;
			productType = "com.apple.product-type.application";
		};
/* End PBXNativeTarget section */

/* Begin PBXProject section */
		AD887AB222DD21EC0045B9A7 /* Project object */ = {
			isa = PBXProject;
			attributes = {
				LastSwiftUpdateCheck = 1020;
				LastUpgradeCheck = 1020;
				ORGANIZATIONNAME = "Sanskar Jethi";
				TargetAttributes = {
					AD887AB922DD21EC0045B9A7 = {
						CreatedOnToolsVersion = 10.2.1;
					};
				};
			};
			buildConfigurationList = AD887AB522DD21EC0045B9A7 /* Build configuration list for PBXProject "twitterLBTA" */;
			compatibilityVersion = "Xcode 9.3";
			developmentRegion = en;
			hasScannedForEncodings = 0;
			knownRegions = (
				en,
				Base,
			);
			mainGroup = AD887AB122DD21EC0045B9A7;
			productRefGroup = AD887ABB22DD21EC0045B9A7 /* Products */;
			projectDirPath = "";
			projectRoot = "";
			targets = (
				AD887AB922DD21EC0045B9A7 /* twitterLBTA */,
			);
		};
/* End PBXProject section */

/* Begin PBXResourcesBuildPhase section */
		AD887AB822DD21EC0045B9A7 /* Resources */ = {
			isa = PBXResourcesBuildPhase;
			buildActionMask = 2147483647;
			files = (
				AD887AC822DD21ED0045B9A7 /* LaunchScreen.storyboard in Resources */,
				AD887AC522DD21ED0045B9A7 /* Assets.xcassets in Resources */,
			);
			runOnlyForDeploymentPostprocessing = 0;
		};
/* End PBXResourcesBuildPhase section */

/* Begin PBXShellScriptBuildPhase section */
		1ACE02E89AC4690EEC92DCF4 /* [CP] Check Pods Manifest.lock */ = {
			isa = PBXShellScriptBuildPhase;
			buildActionMask = 2147483647;
			files = (
			);
			inputFileListPaths = (
			);
			inputPaths = (
				"${PODS_PODFILE_DIR_PATH}/Podfile.lock",
				"${PODS_ROOT}/Manifest.lock",
			);
			name = "[CP] Check Pods Manifest.lock";
			outputFileListPaths = (
			);
			outputPaths = (
				"$(DERIVED_FILE_DIR)/Pods-twitterLBTA-checkManifestLockResult.txt",
			);
			runOnlyForDeploymentPostprocessing = 0;
			shellPath = /bin/sh;
			shellScript = "diff \"${PODS_PODFILE_DIR_PATH}/Podfile.lock\" \"${PODS_ROOT}/Manifest.lock\" > /dev/null\nif [ $? != 0 ] ; then\n    # print error to STDERR\n    echo \"error: The sandbox is not in sync with the Podfile.lock. Run 'pod install' or update your CocoaPods installation.\" >&2\n    exit 1\nfi\n# This output is used by Xcode 'outputs' to avoid re-running this script phase.\necho \"SUCCESS\" > \"${SCRIPT_OUTPUT_FILE_0}\"\n";
			showEnvVarsInLog = 0;
		};
		F59078C01A7C88F4A0B8D53F /* [CP] Embed Pods Frameworks */ = {
			isa = PBXShellScriptBuildPhase;
			buildActionMask = 2147483647;
			files = (
			);
			inputFileListPaths = (
			);
			inputPaths = (
				"${PODS_ROOT}/Target Support Files/Pods-twitterLBTA/Pods-twitterLBTA-frameworks.sh",
				"${BUILT_PRODUCTS_DIR}/LBTAComponents/LBTAComponents.framework",
			);
			name = "[CP] Embed Pods Frameworks";
			outputFileListPaths = (
			);
			outputPaths = (
				"${TARGET_BUILD_DIR}/${FRAMEWORKS_FOLDER_PATH}/LBTAComponents.framework",
			);
			runOnlyForDeploymentPostprocessing = 0;
			shellPath = /bin/sh;
			shellScript = "\"${PODS_ROOT}/Target Support Files/Pods-twitterLBTA/Pods-twitterLBTA-frameworks.sh\"\n";
			showEnvVarsInLog = 0;
		};
/* End PBXShellScriptBuildPhase section */

/* Begin PBXSourcesBuildPhase section */
		AD887AB622DD21EC0045B9A7 /* Sources */ = {
			isa = PBXSourcesBuildPhase;
			buildActionMask = 2147483647;
			files = (
				AD887ABE22DD21EC0045B9A7 /* AppDelegate.swift in Sources */,
				AD887AD222DD2ED70045B9A7 /* HomeDatasourceController.swift in Sources */,
				AD887AD022DD23140045B9A7 /* homeController.swift in Sources */,
			);
			runOnlyForDeploymentPostprocessing = 0;
		};
/* End PBXSourcesBuildPhase section */

/* Begin PBXVariantGroup section */
		AD887AC622DD21ED0045B9A7 /* LaunchScreen.storyboard */ = {
			isa = PBXVariantGroup;
			children = (
				AD887AC722DD21ED0045B9A7 /* Base */,
			);
			name = LaunchScreen.storyboard;
			sourceTree = "<group>";
		};
/* End PBXVariantGroup section */

/* Begin XCBuildConfiguration section */
		AD887ACA22DD21ED0045B9A7 /* Debug */ = {
			isa = XCBuildConfiguration;
			buildSettings = {
				ALWAYS_SEARCH_USER_PATHS = NO;
				CLANG_ANALYZER_NONNULL = YES;
				CLANG_ANALYZER_NUMBER_OBJECT_CONVERSION = YES_AGGRESSIVE;
				CLANG_CXX_LANGUAGE_STANDARD = "gnu++14";
				CLANG_CXX_LIBRARY = "libc++";
				CLANG_ENABLE_MODULES = YES;
				CLANG_ENABLE_OBJC_ARC = YES;
				CLANG_ENABLE_OBJC_WEAK = YES;
				CLANG_WARN_BLOCK_CAPTURE_AUTORELEASING = YES;
				CLANG_WARN_BOOL_CONVERSION = YES;
				CLANG_WARN_COMMA = YES;
				CLANG_WARN_CONSTANT_CONVERSION = YES;
				CLANG_WARN_DEPRECATED_OBJC_IMPLEMENTATIONS = YES;
				CLANG_WARN_DIRECT_OBJC_ISA_USAGE = YES_ERROR;
				CLANG_WARN_DOCUMENTATION_COMMENTS = YES;
				CLANG_WARN_EMPTY_BODY = YES;
				CLANG_WARN_ENUM_CONVERSION = YES;
				CLANG_WARN_INFINITE_RECURSION = YES;
				CLANG_WARN_INT_CONVERSION = YES;
				CLANG_WARN_NON_LITERAL_NULL_CONVERSION = YES;
				CLANG_WARN_OBJC_IMPLICIT_RETAIN_SELF = YES;
				CLANG_WARN_OBJC_LITERAL_CONVERSION = YES;
				CLANG_WARN_OBJC_ROOT_CLASS = YES_ERROR;
				CLANG_WARN_RANGE_LOOP_ANALYSIS = YES;
				CLANG_WARN_STRICT_PROTOTYPES = YES;
				CLANG_WARN_SUSPICIOUS_MOVE = YES;
				CLANG_WARN_UNGUARDED_AVAILABILITY = YES_AGGRESSIVE;
				CLANG_WARN_UNREACHABLE_CODE = YES;
				CLANG_WARN__DUPLICATE_METHOD_MATCH = YES;
				CODE_SIGN_IDENTITY = "iPhone Developer";
				COPY_PHASE_STRIP = NO;
				DEBUG_INFORMATION_FORMAT = dwarf;
				ENABLE_STRICT_OBJC_MSGSEND = YES;
				ENABLE_TESTABILITY = YES;
				GCC_C_LANGUAGE_STANDARD = gnu11;
				GCC_DYNAMIC_NO_PIC = NO;
				GCC_NO_COMMON_BLOCKS = YES;
				GCC_OPTIMIZATION_LEVEL = 0;
				GCC_PREPROCESSOR_DEFINITIONS = (
					"DEBUG=1",
					"$(inherited)",
				);
				GCC_WARN_64_TO_32_BIT_CONVERSION = YES;
				GCC_WARN_ABOUT_RETURN_TYPE = YES_ERROR;
				GCC_WARN_UNDECLARED_SELECTOR = YES;
				GCC_WARN_UNINITIALIZED_AUTOS = YES_AGGRESSIVE;
				GCC_WARN_UNUSED_FUNCTION = YES;
				GCC_WARN_UNUSED_VARIABLE = YES;
				IPHONEOS_DEPLOYMENT_TARGET = 12.2;
				MTL_ENABLE_DEBUG_INFO = INCLUDE_SOURCE;
				MTL_FAST_MATH = YES;
				ONLY_ACTIVE_ARCH = YES;
				SDKROOT = iphoneos;
				SWIFT_ACTIVE_COMPILATION_CONDITIONS = DEBUG;
				SWIFT_OPTIMIZATION_LEVEL = "-Onone";
			};
			name = Debug;
		};
		AD887ACB22DD21ED0045B9A7 /* Release */ = {
			isa = XCBuildConfiguration;
			buildSettings = {
				ALWAYS_SEARCH_USER_PATHS = NO;
				CLANG_ANALYZER_NONNULL = YES;
				CLANG_ANALYZER_NUMBER_OBJECT_CONVERSION = YES_AGGRESSIVE;
				CLANG_CXX_LANGUAGE_STANDARD = "gnu++14";
				CLANG_CXX_LIBRARY = "libc++";
				CLANG_ENABLE_MODULES = YES;
				CLANG_ENABLE_OBJC_ARC = YES;
				CLANG_ENABLE_OBJC_WEAK = YES;
				CLANG_WARN_BLOCK_CAPTURE_AUTORELEASING = YES;
				CLANG_WARN_BOOL_CONVERSION = YES;
				CLANG_WARN_COMMA = YES;
				CLANG_WARN_CONSTANT_CONVERSION = YES;
				CLANG_WARN_DEPRECATED_OBJC_IMPLEMENTATIONS = YES;
				CLANG_WARN_DIRECT_OBJC_ISA_USAGE = YES_ERROR;
				CLANG_WARN_DOCUMENTATION_COMMENTS = YES;
				CLANG_WARN_EMPTY_BODY = YES;
				CLANG_WARN_ENUM_CONVERSION = YES;
				CLANG_WARN_INFINITE_RECURSION = YES;
				CLANG_WARN_INT_CONVERSION = YES;
				CLANG_WARN_NON_LITERAL_NULL_CONVERSION = YES;
				CLANG_WARN_OBJC_IMPLICIT_RETAIN_SELF = YES;
				CLANG_WARN_OBJC_LITERAL_CONVERSION = YES;
				CLANG_WARN_OBJC_ROOT_CLASS = YES_ERROR;
				CLANG_WARN_RANGE_LOOP_ANALYSIS = YES;
				CLANG_WARN_STRICT_PROTOTYPES = YES;
				CLANG_WARN_SUSPICIOUS_MOVE = YES;
				CLANG_WARN_UNGUARDED_AVAILABILITY = YES_AGGRESSIVE;
				CLANG_WARN_UNREACHABLE_CODE = YES;
				CLANG_WARN__DUPLICATE_METHOD_MATCH = YES;
				CODE_SIGN_IDENTITY = "iPhone Developer";
				COPY_PHASE_STRIP = NO;
				DEBUG_INFORMATION_FORMAT = "dwarf-with-dsym";
				ENABLE_NS_ASSERTIONS = NO;
				ENABLE_STRICT_OBJC_MSGSEND = YES;
				GCC_C_LANGUAGE_STANDARD = gnu11;
				GCC_NO_COMMON_BLOCKS = YES;
				GCC_WARN_64_TO_32_BIT_CONVERSION = YES;
				GCC_WARN_ABOUT_RETURN_TYPE = YES_ERROR;
				GCC_WARN_UNDECLARED_SELECTOR = YES;
				GCC_WARN_UNINITIALIZED_AUTOS = YES_AGGRESSIVE;
				GCC_WARN_UNUSED_FUNCTION = YES;
				GCC_WARN_UNUSED_VARIABLE = YES;
				IPHONEOS_DEPLOYMENT_TARGET = 12.2;
				MTL_ENABLE_DEBUG_INFO = NO;
				MTL_FAST_MATH = YES;
				SDKROOT = iphoneos;
				SWIFT_COMPILATION_MODE = wholemodule;
				SWIFT_OPTIMIZATION_LEVEL = "-O";
				VALIDATE_PRODUCT = YES;
			};
			name = Release;
		};
		AD887ACD22DD21ED0045B9A7 /* Debug */ = {
			isa = XCBuildConfiguration;
			baseConfigurationReference = B7DF82550DEE0B7086F695D7 /* Pods-twitterLBTA.debug.xcconfig */;
			buildSettings = {
				ASSETCATALOG_COMPILER_APPICON_NAME = AppIcon;
				CODE_SIGN_STYLE = Automatic;
				DEVELOPMENT_TEAM = XW79MP45NS;
				INFOPLIST_FILE = twitterLBTA/Info.plist;
				LD_RUNPATH_SEARCH_PATHS = (
					"$(inherited)",
					"@executable_path/Frameworks",
				);
				PRODUCT_BUNDLE_IDENTIFIER = me.sanskar.twitterLBTA;
				PRODUCT_NAME = "$(TARGET_NAME)";
				SWIFT_VERSION = 5.0;
				TARGETED_DEVICE_FAMILY = "1,2";
			};
			name = Debug;
		};
		AD887ACE22DD21ED0045B9A7 /* Release */ = {
			isa = XCBuildConfiguration;
			baseConfigurationReference = 53BC1CD398F88EB22A007A27 /* Pods-twitterLBTA.release.xcconfig */;
			buildSettings = {
				ASSETCATALOG_COMPILER_APPICON_NAME = AppIcon;
				CODE_SIGN_STYLE = Automatic;
				DEVELOPMENT_TEAM = XW79MP45NS;
				INFOPLIST_FILE = twitterLBTA/Info.plist;
				LD_RUNPATH_SEARCH_PATHS = (
					"$(inherited)",
					"@executable_path/Frameworks",
				);
				PRODUCT_BUNDLE_IDENTIFIER = me.sanskar.twitterLBTA;
				PRODUCT_NAME = "$(TARGET_NAME)";
				SWIFT_VERSION = 5.0;
				TARGETED_DEVICE_FAMILY = "1,2";
			};
			name = Release;
		};
/* End XCBuildConfiguration section */

/* Begin XCConfigurationList section */
		AD887AB522DD21EC0045B9A7 /* Build configuration list for PBXProject "twitterLBTA" */ = {
			isa = XCConfigurationList;
			buildConfigurations = (
				AD887ACA22DD21ED0045B9A7 /* Debug */,
				AD887ACB22DD21ED0045B9A7 /* Release */,
			);
			defaultConfigurationIsVisible = 0;
			defaultConfigurationName = Release;
		};
		AD887ACC22DD21ED0045B9A7 /* Build configuration list for PBXNativeTarget "twitterLBTA" */ = {
			isa = XCConfigurationList;
			buildConfigurations = (
				AD887ACD22DD21ED0045B9A7 /* Debug */,
				AD887ACE22DD21ED0045B9A7 /* Release */,
			);
			defaultConfigurationIsVisible = 0;
			defaultConfigurationName = Release;
		};
/* End XCConfigurationList section */
	};
	rootObject = AD887AB222DD21EC0045B9A7 /* Project object */;
}
